
Microsoft Visual Studio Solution File, Format Version 12.00
Project("{FAE04EC0-301F-11D3-BF4B-00C04F79EFBC}") = "CSScratch", "CSScratch\CSScratch.csproj", "{280A5239-B109-4A6D-8F41-A8A74368B051}"
EndProject
Project("{FAE04EC0-301F-11D3-BF4B-00C04F79EFBC}") = "CSScratch.Tests", "CSScratch.Tests\CSScratch.Tests.csproj", "{B549CDB6-C732-47CB-8FED-BB0210863439}"
EndProject
Project("{FAE04EC0-301F-11D3-BF4B-00C04F79EFBC}") = "CSScratch.Library", "CSScratch.Library\CSScratch.Library.csproj", "{2192D688-9DD4-469E-BBA4-D3121401C8BD}"
EndProject
Global
	GlobalSection(SolutionConfigurationPlatforms) = preSolution
		Debug|Any CPU = Debug|Any CPU
		Release|Any CPU = Release|Any CPU
	EndGlobalSection
	GlobalSection(ProjectConfigurationPlatforms) = postSolution
		{280A5239-B109-4A6D-8F41-A8A74368B051}.Debug|Any CPU.ActiveCfg = Debug|Any CPU
		{280A5239-B109-4A6D-8F41-A8A74368B051}.Debug|Any CPU.Build.0 = Debug|Any CPU
		{280A5239-B109-4A6D-8F41-A8A74368B051}.Release|Any CPU.ActiveCfg = Release|Any CPU
		{280A5239-B109-4A6D-8F41-A8A74368B051}.Release|Any CPU.Build.0 = Release|Any CPU
		{B549CDB6-C732-47CB-8FED-BB0210863439}.Debug|Any CPU.ActiveCfg = Debug|Any CPU
		{B549CDB6-C732-47CB-8FED-BB0210863439}.Debug|Any CPU.Build.0 = Debug|Any CPU
		{B549CDB6-C732-47CB-8FED-BB0210863439}.Release|Any CPU.ActiveCfg = Release|Any CPU
		{B549CDB6-C732-47CB-8FED-BB0210863439}.Release|Any CPU.Build.0 = Release|Any CPU
		{2192D688-9DD4-469E-BBA4-D3121401C8BD}.Debug|Any CPU.ActiveCfg = Debug|Any CPU
		{2192D688-9DD4-469E-BBA4-D3121401C8BD}.Debug|Any CPU.Build.0 = Debug|Any CPU
		{2192D688-9DD4-469E-BBA4-D3121401C8BD}.Release|Any CPU.ActiveCfg = Release|Any CPU
		{2192D688-9DD4-469E-BBA4-D3121401C8BD}.Release|Any CPU.Build.0 = Release|Any CPU
	EndGlobalSection
EndGlobal
